
Microsoft Visual Studio Solution File, Format Version 12.00
# Visual Studio Version 17
VisualStudioVersion = 17.9.34902.65
MinimumVisualStudioVersion = 10.0.40219.1
Project("{FAE04EC0-301F-11D3-BF4B-00C04F79EFBC}") = "ReactWithASP.Server", "ReactWithASP.Server\ReactWithASP.Server.csproj", "{23388D1A-A99C-4886-8E65-EA65112A4229}"
EndProject
Project("{54A90642-561A-4BB1-A94E-469ADEE60C69}") = "reactwithasp.client", "reactwithasp.client\reactwithasp.client.esproj", "{C0741E2B-D534-40EB-A06D-7DC054D6C104}"
EndProject
Global
	GlobalSection(SolutionConfigurationPlatforms) = preSolution
		Debug|Any CPU = Debug|Any CPU
		Release|Any CPU = Release|Any CPU
	EndGlobalSection
	GlobalSection(ProjectConfigurationPlatforms) = postSolution
		{23388D1A-A99C-4886-8E65-EA65112A4229}.Debug|Any CPU.ActiveCfg = Debug|Any CPU
		{23388D1A-A99C-4886-8E65-EA65112A4229}.Debug|Any CPU.Build.0 = Debug|Any CPU
		{23388D1A-A99C-4886-8E65-EA65112A4229}.Release|Any CPU.ActiveCfg = Release|Any CPU
		{23388D1A-A99C-4886-8E65-EA65112A4229}.Release|Any CPU.Build.0 = Release|Any CPU
		{C0741E2B-D534-40EB-A06D-7DC054D6C104}.Debug|Any CPU.ActiveCfg = Debug|Any CPU
		{C0741E2B-D534-40EB-A06D-7DC054D6C104}.Debug|Any CPU.Build.0 = Debug|Any CPU
		{C0741E2B-D534-40EB-A06D-7DC054D6C104}.Debug|Any CPU.Deploy.0 = Debug|Any CPU
		{C0741E2B-D534-40EB-A06D-7DC054D6C104}.Release|Any CPU.ActiveCfg = Release|Any CPU
		{C0741E2B-D534-40EB-A06D-7DC054D6C104}.Release|Any CPU.Build.0 = Release|Any CPU
		{C0741E2B-D534-40EB-A06D-7DC054D6C104}.Release|Any CPU.Deploy.0 = Release|Any CPU
	EndGlobalSection
	GlobalSection(SolutionProperties) = preSolution
		HideSolutionNode = FALSE
	EndGlobalSection
	GlobalSection(ExtensibilityGlobals) = postSolution
		SolutionGuid = {6A9B72B9-FBD9-4232-8E5F-B46A18C11CB2}
	EndGlobalSection
EndGlobal
